
Microsoft Visual Studio Solution File, Format Version 12.00
# Visual Studio Version 17
VisualStudioVersion = 17.0.31903.59
MinimumVisualStudioVersion = 10.0.40219.1
Project("{2150E333-8FDC-42A3-9474-1A3956D46DE8}") = "src", "src", "{827E0CD3-B72D-47B6-A68D-7590B98EB39B}"
EndProject
Project("{FAE04EC0-301F-11D3-BF4B-00C04F79EFBC}") = "ORP.Domain", "src\ORP.Domain\ORP.Domain.csproj", "{F0CE5A73-29E1-4A6A-9EE6-77085DE15F8C}"
EndProject
Project("{FAE04EC0-301F-11D3-BF4B-00C04F79EFBC}") = "ORP.Application", "src\ORP.Application\ORP.Application.csproj", "{710D7C51-3FB5-496B-9274-D2BF8B090FEB}"
EndProject
Project("{FAE04EC0-301F-11D3-BF4B-00C04F79EFBC}") = "ORP.Infrastructure", "src\ORP.Infrastructure\ORP.Infrastructure.csproj", "{97E21276-6455-46AE-9DAE-6271D06B8069}"
EndProject
Project("{FAE04EC0-301F-11D3-BF4B-00C04F79EFBC}") = "ORP.Api", "src\ORP.Api\ORP.Api.csproj", "{43581B94-773F-454E-83D7-D76E4B895530}"
EndProject
Project("{FAE04EC0-301F-11D3-BF4B-00C04F79EFBC}") = "ORP.Sync", "src\ORP.Sync\ORP.Sync.csproj", "{B2399EE4-A259-4F0E-B652-7F0050472AB5}"
EndProject
Project("{2150E333-8FDC-42A3-9474-1A3956D46DE8}") = "tests", "tests", "{0AB3BF05-4346-4AA6-1389-037BE0695223}"
EndProject
Project("{FAE04EC0-301F-11D3-BF4B-00C04F79EFBC}") = "ORP.Domain.Tests", "tests\ORP.Domain.Tests\ORP.Domain.Tests.csproj", "{6971D007-7CF7-499E-B2C1-2225D499B5D2}"
EndProject
Project("{FAE04EC0-301F-11D3-BF4B-00C04F79EFBC}") = "ORP.Application.Tests", "tests\ORP.Application.Tests\ORP.Application.Tests.csproj", "{73160A94-AD41-43D8-8319-CDB550B34DDF}"
EndProject
Project("{FAE04EC0-301F-11D3-BF4B-00C04F79EFBC}") = "ORP.IntegrationTests", "tests\ORP.IntegrationTests\ORP.IntegrationTests.csproj", "{F703D105-6887-47E8-ABB4-F0644085618C}"
EndProject
Global
	GlobalSection(SolutionConfigurationPlatforms) = preSolution
		Debug|Any CPU = Debug|Any CPU
		Debug|x64 = Debug|x64
		Debug|x86 = Debug|x86
		Release|Any CPU = Release|Any CPU
		Release|x64 = Release|x64
		Release|x86 = Release|x86
	EndGlobalSection
	GlobalSection(ProjectConfigurationPlatforms) = postSolution
		{F0CE5A73-29E1-4A6A-9EE6-77085DE15F8C}.Debug|Any CPU.ActiveCfg = Debug|Any CPU
		{F0CE5A73-29E1-4A6A-9EE6-77085DE15F8C}.Debug|Any CPU.Build.0 = Debug|Any CPU
		{F0CE5A73-29E1-4A6A-9EE6-77085DE15F8C}.Debug|x64.ActiveCfg = Debug|Any CPU
		{F0CE5A73-29E1-4A6A-9EE6-77085DE15F8C}.Debug|x64.Build.0 = Debug|Any CPU
		{F0CE5A73-29E1-4A6A-9EE6-77085DE15F8C}.Debug|x86.ActiveCfg = Debug|Any CPU
		{F0CE5A73-29E1-4A6A-9EE6-77085DE15F8C}.Debug|x86.Build.0 = Debug|Any CPU
		{F0CE5A73-29E1-4A6A-9EE6-77085DE15F8C}.Release|Any CPU.ActiveCfg = Release|Any CPU
		{F0CE5A73-29E1-4A6A-9EE6-77085DE15F8C}.Release|Any CPU.Build.0 = Release|Any CPU
		{F0CE5A73-29E1-4A6A-9EE6-77085DE15F8C}.Release|x64.ActiveCfg = Release|Any CPU
		{F0CE5A73-29E1-4A6A-9EE6-77085DE15F8C}.Release|x64.Build.0 = Release|Any CPU
		{F0CE5A73-29E1-4A6A-9EE6-77085DE15F8C}.Release|x86.ActiveCfg = Release|Any CPU
		{F0CE5A73-29E1-4A6A-9EE6-77085DE15F8C}.Release|x86.Build.0 = Release|Any CPU
		{710D7C51-3FB5-496B-9274-D2BF8B090FEB}.Debug|Any CPU.ActiveCfg = Debug|Any CPU
		{710D7C51-3FB5-496B-9274-D2BF8B090FEB}.Debug|Any CPU.Build.0 = Debug|Any CPU
		{710D7C51-3FB5-496B-9274-D2BF8B090FEB}.Debug|x64.ActiveCfg = Debug|Any CPU
		{710D7C51-3FB5-496B-9274-D2BF8B090FEB}.Debug|x64.Build.0 = Debug|Any CPU
		{710D7C51-3FB5-496B-9274-D2BF8B090FEB}.Debug|x86.ActiveCfg = Debug|Any CPU
		{710D7C51-3FB5-496B-9274-D2BF8B090FEB}.Debug|x86.Build.0 = Debug|Any CPU
		{710D7C51-3FB5-496B-9274-D2BF8B090FEB}.Release|Any CPU.ActiveCfg = Release|Any CPU
		{710D7C51-3FB5-496B-9274-D2BF8B090FEB}.Release|Any CPU.Build.0 = Release|Any CPU
		{710D7C51-3FB5-496B-9274-D2BF8B090FEB}.Release|x64.ActiveCfg = Release|Any CPU
		{710D7C51-3FB5-496B-9274-D2BF8B090FEB}.Release|x64.Build.0 = Release|Any CPU
		{710D7C51-3FB5-496B-9274-D2BF8B090FEB}.Release|x86.ActiveCfg = Release|Any CPU
		{710D7C51-3FB5-496B-9274-D2BF8B090FEB}.Release|x86.Build.0 = Release|Any CPU
		{97E21276-6455-46AE-9DAE-6271D06B8069}.Debug|Any CPU.ActiveCfg = Debug|Any CPU
		{97E21276-6455-46AE-9DAE-6271D06B8069}.Debug|Any CPU.Build.0 = Debug|Any CPU
		{97E21276-6455-46AE-9DAE-6271D06B8069}.Debug|x64.ActiveCfg = Debug|Any CPU
		{97E21276-6455-46AE-9DAE-6271D06B8069}.Debug|x64.Build.0 = Debug|Any CPU
		{97E21276-6455-46AE-9DAE-6271D06B8069}.Debug|x86.ActiveCfg = Debug|Any CPU
		{97E21276-6455-46AE-9DAE-6271D06B8069}.Debug|x86.Build.0 = Debug|Any CPU
		{97E21276-6455-46AE-9DAE-6271D06B8069}.Release|Any CPU.ActiveCfg = Release|Any CPU
		{97E21276-6455-46AE-9DAE-6271D06B8069}.Release|Any CPU.Build.0 = Release|Any CPU
		{97E21276-6455-46AE-9DAE-6271D06B8069}.Release|x64.ActiveCfg = Release|Any CPU
		{97E21276-6455-46AE-9DAE-6271D06B8069}.Release|x64.Build.0 = Release|Any CPU
		{97E21276-6455-46AE-9DAE-6271D06B8069}.Release|x86.ActiveCfg = Release|Any CPU
		{97E21276-6455-46AE-9DAE-6271D06B8069}.Release|x86.Build.0 = Release|Any CPU
		{43581B94-773F-454E-83D7-D76E4B895530}.Debug|Any CPU.ActiveCfg = Debug|Any CPU
		{43581B94-773F-454E-83D7-D76E4B895530}.Debug|Any CPU.Build.0 = Debug|Any CPU
		{43581B94-773F-454E-83D7-D76E4B895530}.Debug|x64.ActiveCfg = Debug|Any CPU
		{43581B94-773F-454E-83D7-D76E4B895530}.Debug|x64.Build.0 = Debug|Any CPU
		{43581B94-773F-454E-83D7-D76E4B895530}.Debug|x86.ActiveCfg = Debug|Any CPU
		{43581B94-773F-454E-83D7-D76E4B895530}.Debug|x86.Build.0 = Debug|Any CPU
		{43581B94-773F-454E-83D7-D76E4B895530}.Release|Any CPU.ActiveCfg = Release|Any CPU
		{43581B94-773F-454E-83D7-D76E4B895530}.Release|Any CPU.Build.0 = Release|Any CPU
		{43581B94-773F-454E-83D7-D76E4B895530}.Release|x64.ActiveCfg = Release|Any CPU
		{43581B94-773F-454E-83D7-D76E4B895530}.Release|x64.Build.0 = Release|Any CPU
		{43581B94-773F-454E-83D7-D76E4B895530}.Release|x86.ActiveCfg = Release|Any CPU
		{43581B94-773F-454E-83D7-D76E4B895530}.Release|x86.Build.0 = Release|Any CPU
		{B2399EE4-A259-4F0E-B652-7F0050472AB5}.Debug|Any CPU.ActiveCfg = Debug|Any CPU
		{B2399EE4-A259-4F0E-B652-7F0050472AB5}.Debug|Any CPU.Build.0 = Debug|Any CPU
		{B2399EE4-A259-4F0E-B652-7F0050472AB5}.Debug|x64.ActiveCfg = Debug|Any CPU
		{B2399EE4-A259-4F0E-B652-7F0050472AB5}.Debug|x64.Build.0 = Debug|Any CPU
		{B2399EE4-A259-4F0E-B652-7F0050472AB5}.Debug|x86.ActiveCfg = Debug|Any CPU
		{B2399EE4-A259-4F0E-B652-7F0050472AB5}.Debug|x86.Build.0 = Debug|Any CPU
		{B2399EE4-A259-4F0E-B652-7F0050472AB5}.Release|Any CPU.ActiveCfg = Release|Any CPU
		{B2399EE4-A259-4F0E-B652-7F0050472AB5}.Release|Any CPU.Build.0 = Release|Any CPU
		{B2399EE4-A259-4F0E-B652-7F0050472AB5}.Release|x64.ActiveCfg = Release|Any CPU
		{B2399EE4-A259-4F0E-B652-7F0050472AB5}.Release|x64.Build.0 = Release|Any CPU
		{B2399EE4-A259-4F0E-B652-7F0050472AB5}.Release|x86.ActiveCfg = Release|Any CPU
		{B2399EE4-A259-4F0E-B652-7F0050472AB5}.Release|x86.Build.0 = Release|Any CPU
		{6971D007-7CF7-499E-B2C1-2225D499B5D2}.Debug|Any CPU.ActiveCfg = Debug|Any CPU
		{6971D007-7CF7-499E-B2C1-2225D499B5D2}.Debug|Any CPU.Build.0 = Debug|Any CPU
		{6971D007-7CF7-499E-B2C1-2225D499B5D2}.Debug|x64.ActiveCfg = Debug|Any CPU
		{6971D007-7CF7-499E-B2C1-2225D499B5D2}.Debug|x64.Build.0 = Debug|Any CPU
		{6971D007-7CF7-499E-B2C1-2225D499B5D2}.Debug|x86.ActiveCfg = Debug|Any CPU
		{6971D007-7CF7-499E-B2C1-2225D499B5D2}.Debug|x86.Build.0 = Debug|Any CPU
		{6971D007-7CF7-499E-B2C1-2225D499B5D2}.Release|Any CPU.ActiveCfg = Release|Any CPU
		{6971D007-7CF7-499E-B2C1-2225D499B5D2}.Release|Any CPU.Build.0 = Release|Any CPU
		{6971D007-7CF7-499E-B2C1-2225D499B5D2}.Release|x64.ActiveCfg = Release|Any CPU
		{6971D007-7CF7-499E-B2C1-2225D499B5D2}.Release|x64.Build.0 = Release|Any CPU
		{6971D007-7CF7-499E-B2C1-2225D499B5D2}.Release|x86.ActiveCfg = Release|Any CPU
		{6971D007-7CF7-499E-B2C1-2225D499B5D2}.Release|x86.Build.0 = Release|Any CPU
		{73160A94-AD41-43D8-8319-CDB550B34DDF}.Debug|Any CPU.ActiveCfg = Debug|Any CPU
		{73160A94-AD41-43D8-8319-CDB550B34DDF}.Debug|Any CPU.Build.0 = Debug|Any CPU
		{73160A94-AD41-43D8-8319-CDB550B34DDF}.Debug|x64.ActiveCfg = Debug|Any CPU
		{73160A94-AD41-43D8-8319-CDB550B34DDF}.Debug|x64.Build.0 = Debug|Any CPU
		{73160A94-AD41-43D8-8319-CDB550B34DDF}.Debug|x86.ActiveCfg = Debug|Any CPU
		{73160A94-AD41-43D8-8319-CDB550B34DDF}.Debug|x86.Build.0 = Debug|Any CPU
		{73160A94-AD41-43D8-8319-CDB550B34DDF}.Release|Any CPU.ActiveCfg = Release|Any CPU
		{73160A94-AD41-43D8-8319-CDB550B34DDF}.Release|Any CPU.Build.0 = Release|Any CPU
		{73160A94-AD41-43D8-8319-CDB550B34DDF}.Release|x64.ActiveCfg = Release|Any CPU
		{73160A94-AD41-43D8-8319-CDB550B34DDF}.Release|x64.Build.0 = Release|Any CPU
		{73160A94-AD41-43D8-8319-CDB550B34DDF}.Release|x86.ActiveCfg = Release|Any CPU
		{73160A94-AD41-43D8-8319-CDB550B34DDF}.Release|x86.Build.0 = Release|Any CPU
		{F703D105-6887-47E8-ABB4-F0644085618C}.Debug|Any CPU.ActiveCfg = Debug|Any CPU
		{F703D105-6887-47E8-ABB4-F0644085618C}.Debug|Any CPU.Build.0 = Debug|Any CPU
		{F703D105-6887-47E8-ABB4-F0644085618C}.Debug|x64.ActiveCfg = Debug|Any CPU
		{F703D105-6887-47E8-ABB4-F0644085618C}.Debug|x64.Build.0 = Debug|Any CPU
		{F703D105-6887-47E8-ABB4-F0644085618C}.Debug|x86.ActiveCfg = Debug|Any CPU
		{F703D105-6887-47E8-ABB4-F0644085618C}.Debug|x86.Build.0 = Debug|Any CPU
		{F703D105-6887-47E8-ABB4-F0644085618C}.Release|Any CPU.ActiveCfg = Release|Any CPU
		{F703D105-6887-47E8-ABB4-F0644085618C}.Release|Any CPU.Build.0 = Release|Any CPU
		{F703D105-6887-47E8-ABB4-F0644085618C}.Release|x64.ActiveCfg = Release|Any CPU
		{F703D105-6887-47E8-ABB4-F0644085618C}.Release|x64.Build.0 = Release|Any CPU
		{F703D105-6887-47E8-ABB4-F0644085618C}.Release|x86.ActiveCfg = Release|Any CPU
		{F703D105-6887-47E8-ABB4-F0644085618C}.Release|x86.Build.0 = Release|Any CPU
	EndGlobalSection
	GlobalSection(SolutionProperties) = preSolution
		HideSolutionNode = FALSE
	EndGlobalSection
	GlobalSection(NestedProjects) = preSolution
		{F0CE5A73-29E1-4A6A-9EE6-77085DE15F8C} = {827E0CD3-B72D-47B6-A68D-7590B98EB39B}
		{710D7C51-3FB5-496B-9274-D2BF8B090FEB} = {827E0CD3-B72D-47B6-A68D-7590B98EB39B}
		{97E21276-6455-46AE-9DAE-6271D06B8069} = {827E0CD3-B72D-47B6-A68D-7590B98EB39B}
		{43581B94-773F-454E-83D7-D76E4B895530} = {827E0CD3-B72D-47B6-A68D-7590B98EB39B}
		{B2399EE4-A259-4F0E-B652-7F0050472AB5} = {827E0CD3-B72D-47B6-A68D-7590B98EB39B}
		{6971D007-7CF7-499E-B2C1-2225D499B5D2} = {0AB3BF05-4346-4AA6-1389-037BE0695223}
		{73160A94-AD41-43D8-8319-CDB550B34DDF} = {0AB3BF05-4346-4AA6-1389-037BE0695223}
		{F703D105-6887-47E8-ABB4-F0644085618C} = {0AB3BF05-4346-4AA6-1389-037BE0695223}
	EndGlobalSection
EndGlobal
